
Microsoft Visual Studio Solution File, Format Version 12.00
# Visual Studio 14
VisualStudioVersion = 14.0.23107.0
MinimumVisualStudioVersion = 10.0.40219.1
Project("{FAE04EC0-301F-11D3-BF4B-00C04F79EFBC}") = "工厂模式", "工厂模式\工厂模式.csproj", "{21CCD4E9-DF43-4703-B6F1-68109DEF4B4F}"
EndProject
Project("{2150E333-8FDC-42A3-9474-1A3956D46DE8}") = "创建型设计模式", "创建型设计模式", "{D8305442-B221-4327-90DF-A2610EF1A6E9}"
EndProject
Project("{FAE04EC0-301F-11D3-BF4B-00C04F79EFBC}") = "抽象工厂", "抽象工厂\抽象工厂.csproj", "{77335891-D9F0-4CDA-8FD7-CE425A8E276B}"
EndProject
Project("{FAE04EC0-301F-11D3-BF4B-00C04F79EFBC}") = "单例模式", "单例模式\单例模式.csproj", "{B1CB824B-F10A-4385-8CE2-84069B77D39B}"
EndProject
Project("{FAE04EC0-301F-11D3-BF4B-00C04F79EFBC}") = "原型模式", "原型模式\原型模式.csproj", "{8A417A59-8A40-434D-9920-BD192BADB805}"
EndProject
Project("{FAE04EC0-301F-11D3-BF4B-00C04F79EFBC}") = "建造者模式", "建造者模式\建造者模式.csproj", "{002C1E56-126E-4318-A109-D86B04DC01D5}"
EndProject
Project("{2150E333-8FDC-42A3-9474-1A3956D46DE8}") = "结构型设计模式", "结构型设计模式", "{2BE55FFA-2CD7-455E-937E-206A089C8AD8}"
EndProject
Project("{FAE04EC0-301F-11D3-BF4B-00C04F79EFBC}") = "适配器模式", "适配器模式\适配器模式.csproj", "{713A4003-29E4-406E-92F2-51A7725C5493}"
EndProject
Project("{FAE04EC0-301F-11D3-BF4B-00C04F79EFBC}") = "桥接模式", "桥接模式\桥接模式.csproj", "{90262BC3-A659-4E6E-8C03-26AD24E9280A}"
EndProject
Project("{FAE04EC0-301F-11D3-BF4B-00C04F79EFBC}") = "简单工厂", "简单工厂\简单工厂.csproj", "{8D3A81E0-3EEC-4FB3-A05D-5501D72D7FFE}"
EndProject
Project("{FAE04EC0-301F-11D3-BF4B-00C04F79EFBC}") = "装饰器模式", "装饰器模式\装饰器模式.csproj", "{A20EEAF2-3442-4739-81F4-A36926C5ED06}"
EndProject
Project("{FAE04EC0-301F-11D3-BF4B-00C04F79EFBC}") = "组合模式", "组合模式\组合模式.csproj", "{CEA34B15-87AA-4AB3-A671-2F7087B58272}"
EndProject
Project("{FAE04EC0-301F-11D3-BF4B-00C04F79EFBC}") = "外观模式", "外观模式\外观模式.csproj", "{420D742A-E45A-4202-8414-E7CCA199941B}"
EndProject
Project("{FAE04EC0-301F-11D3-BF4B-00C04F79EFBC}") = "享元模式", "享元模式\享元模式.csproj", "{D71568C6-0896-45DA-9D21-60C2494D512D}"
EndProject
Project("{FAE04EC0-301F-11D3-BF4B-00C04F79EFBC}") = "代理模式", "代理模式\代理模式.csproj", "{AF4C4F22-EC30-48E7-A28E-9FA100703CFE}"
EndProject
Project("{2150E333-8FDC-42A3-9474-1A3956D46DE8}") = "行为型设计模式", "行为型设计模式", "{EBC40AB7-F64A-439B-9516-9445D56C1606}"
EndProject
Project("{FAE04EC0-301F-11D3-BF4B-00C04F79EFBC}") = "模板方式模式", "模板方式模式\模板方式模式.csproj", "{2A5E3F18-8148-4F1F-907F-D9D7F90F509B}"
EndProject
Project("{FAE04EC0-301F-11D3-BF4B-00C04F79EFBC}") = "命令模式", "命令模式\命令模式.csproj", "{0E5491B2-FD49-49B2-94D8-84079E6B0822}"
EndProject
Project("{FAE04EC0-301F-11D3-BF4B-00C04F79EFBC}") = "迭代器模式", "迭代器模式\迭代器模式.csproj", "{640700E4-0A77-4E8F-A71D-9364468BADAB}"
EndProject
Project("{FAE04EC0-301F-11D3-BF4B-00C04F79EFBC}") = "观察者模式", "观察者模式\观察者模式.csproj", "{313F08CE-05EB-4086-9857-7E01290C2987}"
EndProject
Project("{FAE04EC0-301F-11D3-BF4B-00C04F79EFBC}") = "中介者模式", "中介者模式\中介者模式.csproj", "{52172371-67CF-49CC-ABD1-CBA09BDDE2D1}"
EndProject
Project("{FAE04EC0-301F-11D3-BF4B-00C04F79EFBC}") = "状态模式", "状态模式\状态模式.csproj", "{5194914A-EC37-4A17-AA28-D35385D4DBF6}"
EndProject
Project("{FAE04EC0-301F-11D3-BF4B-00C04F79EFBC}") = "策略者模式", "策略者模式\策略者模式.csproj", "{239FB9F8-E43E-486C-8B86-EA5FA444F7C0}"
EndProject
Project("{FAE04EC0-301F-11D3-BF4B-00C04F79EFBC}") = "责任链模式", "责任链模式\责任链模式.csproj", "{BB7563E7-BB07-4641-B6DF-D563E0818E86}"
EndProject
Project("{FAE04EC0-301F-11D3-BF4B-00C04F79EFBC}") = "访问者模式", "访问者模式\访问者模式.csproj", "{D2EFF6D0-6DBD-4879-A3E7-6F80CF2F603D}"
EndProject
Project("{FAE04EC0-301F-11D3-BF4B-00C04F79EFBC}") = "备忘录模式", "备忘录模式\备忘录模式.csproj", "{A89CEE2B-C865-4924-B65C-6D966201E131}"
EndProject
Global
	GlobalSection(SolutionConfigurationPlatforms) = preSolution
		Debug|Any CPU = Debug|Any CPU
		Release|Any CPU = Release|Any CPU
	EndGlobalSection
	GlobalSection(ProjectConfigurationPlatforms) = postSolution
		{21CCD4E9-DF43-4703-B6F1-68109DEF4B4F}.Debug|Any CPU.ActiveCfg = Debug|Any CPU
		{21CCD4E9-DF43-4703-B6F1-68109DEF4B4F}.Debug|Any CPU.Build.0 = Debug|Any CPU
		{21CCD4E9-DF43-4703-B6F1-68109DEF4B4F}.Release|Any CPU.ActiveCfg = Release|Any CPU
		{21CCD4E9-DF43-4703-B6F1-68109DEF4B4F}.Release|Any CPU.Build.0 = Release|Any CPU
		{77335891-D9F0-4CDA-8FD7-CE425A8E276B}.Debug|Any CPU.ActiveCfg = Debug|Any CPU
		{77335891-D9F0-4CDA-8FD7-CE425A8E276B}.Debug|Any CPU.Build.0 = Debug|Any CPU
		{77335891-D9F0-4CDA-8FD7-CE425A8E276B}.Release|Any CPU.ActiveCfg = Release|Any CPU
		{77335891-D9F0-4CDA-8FD7-CE425A8E276B}.Release|Any CPU.Build.0 = Release|Any CPU
		{B1CB824B-F10A-4385-8CE2-84069B77D39B}.Debug|Any CPU.ActiveCfg = Debug|Any CPU
		{B1CB824B-F10A-4385-8CE2-84069B77D39B}.Debug|Any CPU.Build.0 = Debug|Any CPU
		{B1CB824B-F10A-4385-8CE2-84069B77D39B}.Release|Any CPU.ActiveCfg = Release|Any CPU
		{B1CB824B-F10A-4385-8CE2-84069B77D39B}.Release|Any CPU.Build.0 = Release|Any CPU
		{8A417A59-8A40-434D-9920-BD192BADB805}.Debug|Any CPU.ActiveCfg = Debug|Any CPU
		{8A417A59-8A40-434D-9920-BD192BADB805}.Debug|Any CPU.Build.0 = Debug|Any CPU
		{8A417A59-8A40-434D-9920-BD192BADB805}.Release|Any CPU.ActiveCfg = Release|Any CPU
		{8A417A59-8A40-434D-9920-BD192BADB805}.Release|Any CPU.Build.0 = Release|Any CPU
		{002C1E56-126E-4318-A109-D86B04DC01D5}.Debug|Any CPU.ActiveCfg = Debug|Any CPU
		{002C1E56-126E-4318-A109-D86B04DC01D5}.Debug|Any CPU.Build.0 = Debug|Any CPU
		{002C1E56-126E-4318-A109-D86B04DC01D5}.Release|Any CPU.ActiveCfg = Release|Any CPU
		{002C1E56-126E-4318-A109-D86B04DC01D5}.Release|Any CPU.Build.0 = Release|Any CPU
		{713A4003-29E4-406E-92F2-51A7725C5493}.Debug|Any CPU.ActiveCfg = Debug|Any CPU
		{713A4003-29E4-406E-92F2-51A7725C5493}.Debug|Any CPU.Build.0 = Debug|Any CPU
		{713A4003-29E4-406E-92F2-51A7725C5493}.Release|Any CPU.ActiveCfg = Release|Any CPU
		{713A4003-29E4-406E-92F2-51A7725C5493}.Release|Any CPU.Build.0 = Release|Any CPU
		{90262BC3-A659-4E6E-8C03-26AD24E9280A}.Debug|Any CPU.ActiveCfg = Debug|Any CPU
		{90262BC3-A659-4E6E-8C03-26AD24E9280A}.Debug|Any CPU.Build.0 = Debug|Any CPU
		{90262BC3-A659-4E6E-8C03-26AD24E9280A}.Release|Any CPU.ActiveCfg = Release|Any CPU
		{90262BC3-A659-4E6E-8C03-26AD24E9280A}.Release|Any CPU.Build.0 = Release|Any CPU
		{8D3A81E0-3EEC-4FB3-A05D-5501D72D7FFE}.Debug|Any CPU.ActiveCfg = Debug|Any CPU
		{8D3A81E0-3EEC-4FB3-A05D-5501D72D7FFE}.Debug|Any CPU.Build.0 = Debug|Any CPU
		{8D3A81E0-3EEC-4FB3-A05D-5501D72D7FFE}.Release|Any CPU.ActiveCfg = Release|Any CPU
		{8D3A81E0-3EEC-4FB3-A05D-5501D72D7FFE}.Release|Any CPU.Build.0 = Release|Any CPU
		{A20EEAF2-3442-4739-81F4-A36926C5ED06}.Debug|Any CPU.ActiveCfg = Debug|Any CPU
		{A20EEAF2-3442-4739-81F4-A36926C5ED06}.Debug|Any CPU.Build.0 = Debug|Any CPU
		{A20EEAF2-3442-4739-81F4-A36926C5ED06}.Release|Any CPU.ActiveCfg = Release|Any CPU
		{A20EEAF2-3442-4739-81F4-A36926C5ED06}.Release|Any CPU.Build.0 = Release|Any CPU
		{CEA34B15-87AA-4AB3-A671-2F7087B58272}.Debug|Any CPU.ActiveCfg = Debug|Any CPU
		{CEA34B15-87AA-4AB3-A671-2F7087B58272}.Debug|Any CPU.Build.0 = Debug|Any CPU
		{CEA34B15-87AA-4AB3-A671-2F7087B58272}.Release|Any CPU.ActiveCfg = Release|Any CPU
		{CEA34B15-87AA-4AB3-A671-2F7087B58272}.Release|Any CPU.Build.0 = Release|Any CPU
		{420D742A-E45A-4202-8414-E7CCA199941B}.Debug|Any CPU.ActiveCfg = Debug|Any CPU
		{420D742A-E45A-4202-8414-E7CCA199941B}.Debug|Any CPU.Build.0 = Debug|Any CPU
		{420D742A-E45A-4202-8414-E7CCA199941B}.Release|Any CPU.ActiveCfg = Release|Any CPU
		{420D742A-E45A-4202-8414-E7CCA199941B}.Release|Any CPU.Build.0 = Release|Any CPU
		{D71568C6-0896-45DA-9D21-60C2494D512D}.Debug|Any CPU.ActiveCfg = Debug|Any CPU
		{D71568C6-0896-45DA-9D21-60C2494D512D}.Debug|Any CPU.Build.0 = Debug|Any CPU
		{D71568C6-0896-45DA-9D21-60C2494D512D}.Release|Any CPU.ActiveCfg = Release|Any CPU
		{D71568C6-0896-45DA-9D21-60C2494D512D}.Release|Any CPU.Build.0 = Release|Any CPU
		{AF4C4F22-EC30-48E7-A28E-9FA100703CFE}.Debug|Any CPU.ActiveCfg = Debug|Any CPU
		{AF4C4F22-EC30-48E7-A28E-9FA100703CFE}.Debug|Any CPU.Build.0 = Debug|Any CPU
		{AF4C4F22-EC30-48E7-A28E-9FA100703CFE}.Release|Any CPU.ActiveCfg = Release|Any CPU
		{AF4C4F22-EC30-48E7-A28E-9FA100703CFE}.Release|Any CPU.Build.0 = Release|Any CPU
		{2A5E3F18-8148-4F1F-907F-D9D7F90F509B}.Debug|Any CPU.ActiveCfg = Debug|Any CPU
		{2A5E3F18-8148-4F1F-907F-D9D7F90F509B}.Debug|Any CPU.Build.0 = Debug|Any CPU
		{2A5E3F18-8148-4F1F-907F-D9D7F90F509B}.Release|Any CPU.ActiveCfg = Release|Any CPU
		{2A5E3F18-8148-4F1F-907F-D9D7F90F509B}.Release|Any CPU.Build.0 = Release|Any CPU
		{0E5491B2-FD49-49B2-94D8-84079E6B0822}.Debug|Any CPU.ActiveCfg = Debug|Any CPU
		{0E5491B2-FD49-49B2-94D8-84079E6B0822}.Debug|Any CPU.Build.0 = Debug|Any CPU
		{0E5491B2-FD49-49B2-94D8-84079E6B0822}.Release|Any CPU.ActiveCfg = Release|Any CPU
		{0E5491B2-FD49-49B2-94D8-84079E6B0822}.Release|Any CPU.Build.0 = Release|Any CPU
		{640700E4-0A77-4E8F-A71D-9364468BADAB}.Debug|Any CPU.ActiveCfg = Debug|Any CPU
		{640700E4-0A77-4E8F-A71D-9364468BADAB}.Debug|Any CPU.Build.0 = Debug|Any CPU
		{640700E4-0A77-4E8F-A71D-9364468BADAB}.Release|Any CPU.ActiveCfg = Release|Any CPU
		{640700E4-0A77-4E8F-A71D-9364468BADAB}.Release|Any CPU.Build.0 = Release|Any CPU
		{313F08CE-05EB-4086-9857-7E01290C2987}.Debug|Any CPU.ActiveCfg = Debug|Any CPU
		{313F08CE-05EB-4086-9857-7E01290C2987}.Debug|Any CPU.Build.0 = Debug|Any CPU
		{313F08CE-05EB-4086-9857-7E01290C2987}.Release|Any CPU.ActiveCfg = Release|Any CPU
		{313F08CE-05EB-4086-9857-7E01290C2987}.Release|Any CPU.Build.0 = Release|Any CPU
		{52172371-67CF-49CC-ABD1-CBA09BDDE2D1}.Debug|Any CPU.ActiveCfg = Debug|Any CPU
		{52172371-67CF-49CC-ABD1-CBA09BDDE2D1}.Debug|Any CPU.Build.0 = Debug|Any CPU
		{52172371-67CF-49CC-ABD1-CBA09BDDE2D1}.Release|Any CPU.ActiveCfg = Release|Any CPU
		{52172371-67CF-49CC-ABD1-CBA09BDDE2D1}.Release|Any CPU.Build.0 = Release|Any CPU
		{5194914A-EC37-4A17-AA28-D35385D4DBF6}.Debug|Any CPU.ActiveCfg = Debug|Any CPU
		{5194914A-EC37-4A17-AA28-D35385D4DBF6}.Debug|Any CPU.Build.0 = Debug|Any CPU
		{5194914A-EC37-4A17-AA28-D35385D4DBF6}.Release|Any CPU.ActiveCfg = Release|Any CPU
		{5194914A-EC37-4A17-AA28-D35385D4DBF6}.Release|Any CPU.Build.0 = Release|Any CPU
		{239FB9F8-E43E-486C-8B86-EA5FA444F7C0}.Debug|Any CPU.ActiveCfg = Debug|Any CPU
		{239FB9F8-E43E-486C-8B86-EA5FA444F7C0}.Debug|Any CPU.Build.0 = Debug|Any CPU
		{239FB9F8-E43E-486C-8B86-EA5FA444F7C0}.Release|Any CPU.ActiveCfg = Release|Any CPU
		{239FB9F8-E43E-486C-8B86-EA5FA444F7C0}.Release|Any CPU.Build.0 = Release|Any CPU
		{BB7563E7-BB07-4641-B6DF-D563E0818E86}.Debug|Any CPU.ActiveCfg = Debug|Any CPU
		{BB7563E7-BB07-4641-B6DF-D563E0818E86}.Debug|Any CPU.Build.0 = Debug|Any CPU
		{BB7563E7-BB07-4641-B6DF-D563E0818E86}.Release|Any CPU.ActiveCfg = Release|Any CPU
		{BB7563E7-BB07-4641-B6DF-D563E0818E86}.Release|Any CPU.Build.0 = Release|Any CPU
		{D2EFF6D0-6DBD-4879-A3E7-6F80CF2F603D}.Debug|Any CPU.ActiveCfg = Debug|Any CPU
		{D2EFF6D0-6DBD-4879-A3E7-6F80CF2F603D}.Debug|Any CPU.Build.0 = Debug|Any CPU
		{D2EFF6D0-6DBD-4879-A3E7-6F80CF2F603D}.Release|Any CPU.ActiveCfg = Release|Any CPU
		{D2EFF6D0-6DBD-4879-A3E7-6F80CF2F603D}.Release|Any CPU.Build.0 = Release|Any CPU
		{A89CEE2B-C865-4924-B65C-6D966201E131}.Debug|Any CPU.ActiveCfg = Debug|Any CPU
		{A89CEE2B-C865-4924-B65C-6D966201E131}.Debug|Any CPU.Build.0 = Debug|Any CPU
		{A89CEE2B-C865-4924-B65C-6D966201E131}.Release|Any CPU.ActiveCfg = Release|Any CPU
		{A89CEE2B-C865-4924-B65C-6D966201E131}.Release|Any CPU.Build.0 = Release|Any CPU
	EndGlobalSection
	GlobalSection(SolutionProperties) = preSolution
		HideSolutionNode = FALSE
	EndGlobalSection
	GlobalSection(NestedProjects) = preSolution
		{21CCD4E9-DF43-4703-B6F1-68109DEF4B4F} = {D8305442-B221-4327-90DF-A2610EF1A6E9}
		{77335891-D9F0-4CDA-8FD7-CE425A8E276B} = {D8305442-B221-4327-90DF-A2610EF1A6E9}
		{B1CB824B-F10A-4385-8CE2-84069B77D39B} = {D8305442-B221-4327-90DF-A2610EF1A6E9}
		{8A417A59-8A40-434D-9920-BD192BADB805} = {D8305442-B221-4327-90DF-A2610EF1A6E9}
		{002C1E56-126E-4318-A109-D86B04DC01D5} = {D8305442-B221-4327-90DF-A2610EF1A6E9}
		{713A4003-29E4-406E-92F2-51A7725C5493} = {2BE55FFA-2CD7-455E-937E-206A089C8AD8}
		{90262BC3-A659-4E6E-8C03-26AD24E9280A} = {2BE55FFA-2CD7-455E-937E-206A089C8AD8}
		{8D3A81E0-3EEC-4FB3-A05D-5501D72D7FFE} = {D8305442-B221-4327-90DF-A2610EF1A6E9}
		{A20EEAF2-3442-4739-81F4-A36926C5ED06} = {2BE55FFA-2CD7-455E-937E-206A089C8AD8}
		{CEA34B15-87AA-4AB3-A671-2F7087B58272} = {2BE55FFA-2CD7-455E-937E-206A089C8AD8}
		{420D742A-E45A-4202-8414-E7CCA199941B} = {2BE55FFA-2CD7-455E-937E-206A089C8AD8}
		{D71568C6-0896-45DA-9D21-60C2494D512D} = {2BE55FFA-2CD7-455E-937E-206A089C8AD8}
		{AF4C4F22-EC30-48E7-A28E-9FA100703CFE} = {2BE55FFA-2CD7-455E-937E-206A089C8AD8}
		{2A5E3F18-8148-4F1F-907F-D9D7F90F509B} = {EBC40AB7-F64A-439B-9516-9445D56C1606}
		{0E5491B2-FD49-49B2-94D8-84079E6B0822} = {EBC40AB7-F64A-439B-9516-9445D56C1606}
		{640700E4-0A77-4E8F-A71D-9364468BADAB} = {EBC40AB7-F64A-439B-9516-9445D56C1606}
		{313F08CE-05EB-4086-9857-7E01290C2987} = {EBC40AB7-F64A-439B-9516-9445D56C1606}
		{52172371-67CF-49CC-ABD1-CBA09BDDE2D1} = {EBC40AB7-F64A-439B-9516-9445D56C1606}
		{5194914A-EC37-4A17-AA28-D35385D4DBF6} = {EBC40AB7-F64A-439B-9516-9445D56C1606}
		{239FB9F8-E43E-486C-8B86-EA5FA444F7C0} = {EBC40AB7-F64A-439B-9516-9445D56C1606}
		{BB7563E7-BB07-4641-B6DF-D563E0818E86} = {EBC40AB7-F64A-439B-9516-9445D56C1606}
		{D2EFF6D0-6DBD-4879-A3E7-6F80CF2F603D} = {EBC40AB7-F64A-439B-9516-9445D56C1606}
		{A89CEE2B-C865-4924-B65C-6D966201E131} = {EBC40AB7-F64A-439B-9516-9445D56C1606}
	EndGlobalSection
EndGlobal
